github.com/fvbock/endless v0.0.0-20170109170031-447134032cb6 h1:6VSn3hB5U5GeA6kQw4TwWIWbOhtvR2hmbBJnTOtqTWc=
github.com/fvbock/endless v0.0.0-20170109170031-447134032cb6/go.mod h1:YxOVT5+yHzKvwhsiSIWmbAYM3Dr9AEEbER2dVayfBkg=
github.com/go-chi/chi v1.0.0 h1:s/kv1cTXfivYjdKJdyUzNGyAWZ/2t7duW1gKn5ivu+c=
github.com/go-chi/chi v4.1.2+incompatible h1:fGFk2Gmi/YKXk0OmGfBh0WgmN3XB8lVnEyNz34tQRec=
github.com/go-chi/chi v4.1.2+incompatible/go.mod h1:eB3wogJHnLi3x/kFX2A+IbTBlXxmMeXJVKy9tTv1XzQ=
github.com/pressly/chi v1.0.0 h1:wlyjmQ6caxMIzLJys21R7K8deSEtp4LDzJNw9sQGk5E=
github.com/pressly/chi v4.1.2+incompatible h1:N+E8DM9Q7luXuNMmr9MVnbUzQSSXsl2L6kuykP1ux7g=
github.com/pressly/chi v4.1.2+incompatible/go.mod h1:s/kslmeFE633XtTPvfX2olbs4ymzIHxGGXmEJ/AvPT8=
